# THIS IS AN AUTOGENERATED FILE. DO NOT EDIT THIS FILE DIRECTLY.
# yarn lockfile v1


"@nodelib/fs.scandir@2.1.5":
  version "2.1.5"
  resolved "https://registry.npmjs.org/@nodelib/fs.scandir/-/fs.scandir-2.1.5.tgz"
  dependencies:
    "@nodelib/fs.stat" "2.0.5"
    run-parallel "^1.1.9"

"@nodelib/fs.stat@2.0.5", "@nodelib/fs.stat@^2.0.2":
  version "2.0.5"
  resolved "https://registry.npmjs.org/@nodelib/fs.stat/-/fs.stat-2.0.5.tgz"

"@nodelib/fs.walk@^1.2.3":
  version "1.2.8"
  resolved "https://registry.npmjs.org/@nodelib/fs.walk/-/fs.walk-1.2.8.tgz"
  dependencies:
    "@nodelib/fs.scandir" "2.1.5"
    fastq "^1.6.0"

"@trysound/sax@0.2.0":
  version "0.2.0"
  resolved "https://registry.npmjs.org/@trysound/sax/-/sax-0.2.0.tgz"

ansi-regex@^5.0.1:
  version "5.0.1"
  resolved "https://registry.npmjs.org/ansi-regex/-/ansi-regex-5.0.1.tgz"

ansi-styles@^4.0.0:
  version "4.3.0"
  resolved "https://registry.npmjs.org/ansi-styles/-/ansi-styles-4.3.0.tgz"
  dependencies:
    color-convert "^2.0.1"

any-promise@^1.0.0:
  version "1.3.0"
  resolved "https://registry.yarnpkg.com/any-promise/-/any-promise-1.3.0.tgz#abc6afeedcea52e809cdc0376aed3ce39635d17f"

anymatch@~3.1.2:
  version "3.1.2"
  resolved "https://registry.npmjs.org/anymatch/-/anymatch-3.1.2.tgz"
  dependencies:
    normalize-path "^3.0.0"
    picomatch "^2.0.4"

arg@^5.0.2:
  version "5.0.2"
  resolved "https://registry.yarnpkg.com/arg/-/arg-5.0.2.tgz#c81433cc427c92c4dcf4865142dbca6f15acd59c"

array-union@^3.0.1:
  version "3.0.1"
  resolved "https://registry.npmjs.org/array-union/-/array-union-3.0.1.tgz"

autoprefixer@^10.2.5:
  version "10.4.14"
  resolved "https://registry.yarnpkg.com/autoprefixer/-/autoprefixer-10.4.14.tgz#e28d49902f8e759dd25b153264e862df2705f79d"
  dependencies:
    browserslist "^4.21.5"
    caniuse-lite "^1.0.30001464"
    fraction.js "^4.2.0"
    normalize-range "^0.1.2"
    picocolors "^1.0.0"
    postcss-value-parser "^4.2.0"

balanced-match@^1.0.0:
  version "1.0.2"
  resolved "https://registry.npmjs.org/balanced-match/-/balanced-match-1.0.2.tgz"

binary-extensions@^2.0.0:
  version "2.2.0"
  resolved "https://registry.npmjs.org/binary-extensions/-/binary-extensions-2.2.0.tgz"

boolbase@^1.0.0:
  version "1.0.0"
  resolved "https://registry.npmjs.org/boolbase/-/boolbase-1.0.0.tgz"

brace-expansion@^1.1.7:
  version "1.1.11"
  resolved "https://registry.npmjs.org/brace-expansion/-/brace-expansion-1.1.11.tgz"
  dependencies:
    balanced-match "^1.0.0"
    concat-map "0.0.1"

braces@^3.0.2, braces@~3.0.2:
  version "3.0.2"
  resolved "https://registry.npmjs.org/braces/-/braces-3.0.2.tgz"
  dependencies:
    fill-range "^7.0.1"

browserslist@^4.0.0, browserslist@^4.21.4, browserslist@^4.21.5:
  version "4.21.5"
  resolved "https://registry.yarnpkg.com/browserslist/-/browserslist-4.21.5.tgz#75c5dae60063ee641f977e00edd3cfb2fb7af6a7"
  dependencies:
    caniuse-lite "^1.0.30001449"
    electron-to-chromium "^1.4.284"
    node-releases "^2.0.8"
    update-browserslist-db "^1.0.10"

camelcase-css@^2.0.1:
  version "2.0.1"
  resolved "https://registry.npmjs.org/camelcase-css/-/camelcase-css-2.0.1.tgz"

caniuse-api@^3.0.0:
  version "3.0.0"
  resolved "https://registry.npmjs.org/caniuse-api/-/caniuse-api-3.0.0.tgz"
  dependencies:
    browserslist "^4.0.0"
    caniuse-lite "^1.0.0"
    lodash.memoize "^4.1.2"
    lodash.uniq "^4.5.0"

caniuse-lite@^1.0.0, caniuse-lite@^1.0.30001449, caniuse-lite@^1.0.30001464:
  version "1.0.30001464"
  resolved "https://registry.yarnpkg.com/caniuse-lite/-/caniuse-lite-1.0.30001464.tgz#888922718df48ce5e33dcfe1a2af7d42676c5eb7"

chokidar@^3.3.0, chokidar@^3.5.3:
  version "3.5.3"
  resolved "https://registry.npmjs.org/chokidar/-/chokidar-3.5.3.tgz"
  dependencies:
    anymatch "~3.1.2"
    braces "~3.0.2"
    glob-parent "~5.1.2"
    is-binary-path "~2.1.0"
    is-glob "~4.0.1"
    normalize-path "~3.0.0"
    readdirp "~3.6.0"
  optionalDependencies:
    fsevents "~2.3.2"

cliui@^7.0.2:
  version "7.0.4"
  resolved "https://registry.npmjs.org/cliui/-/cliui-7.0.4.tgz"
  dependencies:
    string-width "^4.2.0"
    strip-ansi "^6.0.0"
    wrap-ansi "^7.0.0"

color-convert@^2.0.1:
  version "2.0.1"
  resolved "https://registry.npmjs.org/color-convert/-/color-convert-2.0.1.tgz"
  dependencies:
    color-name "~1.1.4"

color-name@^1.1.4, color-name@~1.1.4:
  version "1.1.4"
  resolved "https://registry.npmjs.org/color-name/-/color-name-1.1.4.tgz"

colord@^2.9.1:
  version "2.9.2"
  resolved "https://registry.npmjs.org/colord/-/colord-2.9.2.tgz"

commander@^4.0.0:
  version "4.1.1"
  resolved "https://registry.yarnpkg.com/commander/-/commander-4.1.1.tgz#9fd602bd936294e9e9ef46a3f4d6964044b18068"

commander@^7.2.0:
  version "7.2.0"
  resolved "https://registry.npmjs.org/commander/-/commander-7.2.0.tgz"

concat-map@0.0.1:
  version "0.0.1"
  resolved "https://registry.npmjs.org/concat-map/-/concat-map-0.0.1.tgz"

css-declaration-sorter@^6.3.1:
  version "6.3.1"
  resolved "https://registry.yarnpkg.com/css-declaration-sorter/-/css-declaration-sorter-6.3.1.tgz#be5e1d71b7a992433fb1c542c7a1b835e45682ec"

css-select@^4.1.3:
  version "4.2.1"
  resolved "https://registry.npmjs.org/css-select/-/css-select-4.2.1.tgz"
  dependencies:
    boolbase "^1.0.0"
    css-what "^5.1.0"
    domhandler "^4.3.0"
    domutils "^2.8.0"
    nth-check "^2.0.1"

css-tree@^1.1.2, css-tree@^1.1.3:
  version "1.1.3"
  resolved "https://registry.npmjs.org/css-tree/-/css-tree-1.1.3.tgz"
  dependencies:
    mdn-data "2.0.14"
    source-map "^0.6.1"

css-what@^5.1.0:
  version "5.1.0"
  resolved "https://registry.npmjs.org/css-what/-/css-what-5.1.0.tgz"

cssesc@^3.0.0:
  version "3.0.0"
  resolved "https://registry.npmjs.org/cssesc/-/cssesc-3.0.0.tgz"

cssnano-preset-default@^5.2.14:
  version "5.2.14"
  resolved "https://registry.yarnpkg.com/cssnano-preset-default/-/cssnano-preset-default-5.2.14.tgz#309def4f7b7e16d71ab2438052093330d9ab45d8"
  dependencies:
    css-declaration-sorter "^6.3.1"
    cssnano-utils "^3.1.0"
    postcss-calc "^8.2.3"
    postcss-colormin "^5.3.1"
    postcss-convert-values "^5.1.3"
    postcss-discard-comments "^5.1.2"
    postcss-discard-duplicates "^5.1.0"
    postcss-discard-empty "^5.1.1"
    postcss-discard-overridden "^5.1.0"
    postcss-merge-longhand "^5.1.7"
    postcss-merge-rules "^5.1.4"
    postcss-minify-font-values "^5.1.0"
    postcss-minify-gradients "^5.1.1"
    postcss-minify-params "^5.1.4"
    postcss-minify-selectors "^5.2.1"
    postcss-normalize-charset "^5.1.0"
    postcss-normalize-display-values "^5.1.0"
    postcss-normalize-positions "^5.1.1"
    postcss-normalize-repeat-style "^5.1.1"
    postcss-normalize-string "^5.1.0"
    postcss-normalize-timing-functions "^5.1.0"
    postcss-normalize-unicode "^5.1.1"
    postcss-normalize-url "^5.1.0"
    postcss-normalize-whitespace "^5.1.1"
    postcss-ordered-values "^5.1.3"
    postcss-reduce-initial "^5.1.2"
    postcss-reduce-transforms "^5.1.0"
    postcss-svgo "^5.1.0"
    postcss-unique-selectors "^5.1.1"

cssnano-utils@^3.1.0:
  version "3.1.0"
  resolved "https://registry.npmjs.org/cssnano-utils/-/cssnano-utils-3.1.0.tgz"

cssnano@^5.0.1:
  version "5.1.15"
  resolved "https://registry.yarnpkg.com/cssnano/-/cssnano-5.1.15.tgz#ded66b5480d5127fcb44dac12ea5a983755136bf"
  dependencies:
    cssnano-preset-default "^5.2.14"
    lilconfig "^2.0.3"
    yaml "^1.10.2"

csso@^4.2.0:
  version "4.2.0"
  resolved "https://registry.npmjs.org/csso/-/csso-4.2.0.tgz"
  dependencies:
    css-tree "^1.1.2"

dependency-graph@^0.11.0:
  version "0.11.0"
  resolved "https://registry.npmjs.org/dependency-graph/-/dependency-graph-0.11.0.tgz"

didyoumean@^1.2.2:
  version "1.2.2"
  resolved "https://registry.npmjs.org/didyoumean/-/didyoumean-1.2.2.tgz"

dir-glob@^3.0.1:
  version "3.0.1"
  resolved "https://registry.npmjs.org/dir-glob/-/dir-glob-3.0.1.tgz"
  dependencies:
    path-type "^4.0.0"

dlv@^1.1.3:
  version "1.1.3"
  resolved "https://registry.npmjs.org/dlv/-/dlv-1.1.3.tgz"

dom-serializer@^1.0.1:
  version "1.3.2"
  resolved "https://registry.npmjs.org/dom-serializer/-/dom-serializer-1.3.2.tgz"
  dependencies:
    domelementtype "^2.0.1"
    domhandler "^4.2.0"
    entities "^2.0.0"

domelementtype@^2.0.1, domelementtype@^2.2.0:
  version "2.2.0"
  resolved "https://registry.npmjs.org/domelementtype/-/domelementtype-2.2.0.tgz"

domhandler@^4.2.0, domhandler@^4.3.0:
  version "4.3.0"
  resolved "https://registry.npmjs.org/domhandler/-/domhandler-4.3.0.tgz"
  dependencies:
    domelementtype "^2.2.0"

domutils@^2.8.0:
  version "2.8.0"
  resolved "https://registry.npmjs.org/domutils/-/domutils-2.8.0.tgz"
  dependencies:
    dom-serializer "^1.0.1"
    domelementtype "^2.2.0"
    domhandler "^4.2.0"

electron-to-chromium@^1.4.284:
  version "1.4.327"
  resolved "https://registry.yarnpkg.com/electron-to-chromium/-/electron-to-chromium-1.4.327.tgz#288b106518cfed0a60f7de8a0480432a9be45477"

emoji-regex@^8.0.0:
  version "8.0.0"
  resolved "https://registry.npmjs.org/emoji-regex/-/emoji-regex-8.0.0.tgz"

entities@^2.0.0:
  version "2.2.0"
  resolved "https://registry.npmjs.org/entities/-/entities-2.2.0.tgz"

escalade@^3.1.1:
  version "3.1.1"
  resolved "https://registry.npmjs.org/escalade/-/escalade-3.1.1.tgz"

fast-glob@^3.2.12, fast-glob@^3.2.7:
  version "3.2.12"
  resolved "https://registry.yarnpkg.com/fast-glob/-/fast-glob-3.2.12.tgz#7f39ec99c2e6ab030337142da9e0c18f37afae80"
  dependencies:
    "@nodelib/fs.stat" "^2.0.2"
    "@nodelib/fs.walk" "^1.2.3"
    glob-parent "^5.1.2"
    merge2 "^1.3.0"
    micromatch "^4.0.4"

fastq@^1.6.0:
  version "1.13.0"
  resolved "https://registry.npmjs.org/fastq/-/fastq-1.13.0.tgz"
  dependencies:
    reusify "^1.0.4"

fill-range@^7.0.1:
  version "7.0.1"
  resolved "https://registry.npmjs.org/fill-range/-/fill-range-7.0.1.tgz"
  dependencies:
    to-regex-range "^5.0.1"

fraction.js@^4.2.0:
  version "4.2.0"
  resolved "https://registry.yarnpkg.com/fraction.js/-/fraction.js-4.2.0.tgz#448e5109a313a3527f5a3ab2119ec4cf0e0e2950"

fs-extra@^10.0.0:
  version "10.0.1"
  resolved "https://registry.npmjs.org/fs-extra/-/fs-extra-10.0.1.tgz"
  dependencies:
    graceful-fs "^4.2.0"
    jsonfile "^6.0.1"
    universalify "^2.0.0"

fs.realpath@^1.0.0:
  version "1.0.0"
  resolved "https://registry.npmjs.org/fs.realpath/-/fs.realpath-1.0.0.tgz"

fsevents@~2.3.2:
  version "2.3.2"
  resolved "https://registry.npmjs.org/fsevents/-/fsevents-2.3.2.tgz"

function-bind@^1.1.1:
  version "1.1.1"
  resolved "https://registry.npmjs.org/function-bind/-/function-bind-1.1.1.tgz"

get-caller-file@^2.0.5:
  version "2.0.5"
  resolved "https://registry.npmjs.org/get-caller-file/-/get-caller-file-2.0.5.tgz"

get-stdin@^9.0.0:
  version "9.0.0"
  resolved "https://registry.npmjs.org/get-stdin/-/get-stdin-9.0.0.tgz"

glob-parent@^5.1.2, glob-parent@~5.1.2:
  version "5.1.2"
  resolved "https://registry.npmjs.org/glob-parent/-/glob-parent-5.1.2.tgz"
  dependencies:
    is-glob "^4.0.1"

glob-parent@^6.0.2:
  version "6.0.2"
  resolved "https://registry.yarnpkg.com/glob-parent/-/glob-parent-6.0.2.tgz#6d237d99083950c79290f24c7642a3de9a28f9e3"
  dependencies:
    is-glob "^4.0.3"

glob@7.1.6:
  version "7.1.6"
  resolved "https://registry.yarnpkg.com/glob/-/glob-7.1.6.tgz#141f33b81a7c2492e125594307480c46679278a6"
  dependencies:
    fs.realpath "^1.0.0"
    inflight "^1.0.4"
    inherits "2"
    minimatch "^3.0.4"
    once "^1.3.0"
    path-is-absolute "^1.0.0"

globby@^12.0.0:
  version "12.2.0"
  resolved "https://registry.npmjs.org/globby/-/globby-12.2.0.tgz"
  dependencies:
    array-union "^3.0.1"
    dir-glob "^3.0.1"
    fast-glob "^3.2.7"
    ignore "^5.1.9"
    merge2 "^1.4.1"
    slash "^4.0.0"

graceful-fs@^4.1.6, graceful-fs@^4.2.0:
  version "4.2.9"
  resolved "https://registry.npmjs.org/graceful-fs/-/graceful-fs-4.2.9.tgz"

has@^1.0.3:
  version "1.0.3"
  resolved "https://registry.npmjs.org/has/-/has-1.0.3.tgz"
  dependencies:
    function-bind "^1.1.1"

ignore@^5.1.9:
  version "5.2.0"
  resolved "https://registry.npmjs.org/ignore/-/ignore-5.2.0.tgz"

inflight@^1.0.4:
  version "1.0.6"
  resolved "https://registry.npmjs.org/inflight/-/inflight-1.0.6.tgz"
  dependencies:
    once "^1.3.0"
    wrappy "1"

inherits@2:
  version "2.0.4"
  resolved "https://registry.npmjs.org/inherits/-/inherits-2.0.4.tgz"

is-binary-path@~2.1.0:
  version "2.1.0"
  resolved "https://registry.npmjs.org/is-binary-path/-/is-binary-path-2.1.0.tgz"
  dependencies:
    binary-extensions "^2.0.0"

is-core-module@^2.9.0:
  version "2.11.0"
  resolved "https://registry.yarnpkg.com/is-core-module/-/is-core-module-2.11.0.tgz#ad4cb3e3863e814523c96f3f58d26cc570ff0144"
  dependencies:
    has "^1.0.3"

is-extglob@^2.1.1:
  version "2.1.1"
  resolved "https://registry.npmjs.org/is-extglob/-/is-extglob-2.1.1.tgz"

is-fullwidth-code-point@^3.0.0:
  version "3.0.0"
  resolved "https://registry.npmjs.org/is-fullwidth-code-point/-/is-fullwidth-code-point-3.0.0.tgz"

is-glob@^4.0.1, is-glob@^4.0.3, is-glob@~4.0.1:
  version "4.0.3"
  resolved "https://registry.npmjs.org/is-glob/-/is-glob-4.0.3.tgz"
  dependencies:
    is-extglob "^2.1.1"

is-number@^7.0.0:
  version "7.0.0"
  resolved "https://registry.npmjs.org/is-number/-/is-number-7.0.0.tgz"

jiti@^1.17.2:
  version "1.18.2"
  resolved "https://registry.yarnpkg.com/jiti/-/jiti-1.18.2.tgz#80c3ef3d486ebf2450d9335122b32d121f2a83cd"

jsonfile@^6.0.1:
  version "6.1.0"
  resolved "https://registry.npmjs.org/jsonfile/-/jsonfile-6.1.0.tgz"
  dependencies:
    universalify "^2.0.0"
  optionalDependencies:
    graceful-fs "^4.1.6"

lilconfig@^2.0.3, lilconfig@^2.0.5, lilconfig@^2.0.6:
  version "2.1.0"
  resolved "https://registry.yarnpkg.com/lilconfig/-/lilconfig-2.1.0.tgz#78e23ac89ebb7e1bfbf25b18043de756548e7f52"

lines-and-columns@^1.1.6:
  version "1.2.4"
  resolved "https://registry.npmjs.org/lines-and-columns/-/lines-and-columns-1.2.4.tgz"

lodash.memoize@^4.1.2:
  version "4.1.2"
  resolved "https://registry.npmjs.org/lodash.memoize/-/lodash.memoize-4.1.2.tgz"

lodash.uniq@^4.5.0:
  version "4.5.0"
  resolved "https://registry.npmjs.org/lodash.uniq/-/lodash.uniq-4.5.0.tgz"

mdn-data@2.0.14:
  version "2.0.14"
  resolved "https://registry.npmjs.org/mdn-data/-/mdn-data-2.0.14.tgz"

merge2@^1.3.0, merge2@^1.4.1:
  version "1.4.1"
  resolved "https://registry.npmjs.org/merge2/-/merge2-1.4.1.tgz"

micromatch@^4.0.4, micromatch@^4.0.5:
  version "4.0.5"
  resolved "https://registry.yarnpkg.com/micromatch/-/micromatch-4.0.5.tgz#bc8999a7cbbf77cdc89f132f6e467051b49090c6"
  dependencies:
    braces "^3.0.2"
    picomatch "^2.3.1"

minimatch@^3.0.4:
  version "3.1.2"
  resolved "https://registry.npmjs.org/minimatch/-/minimatch-3.1.2.tgz"
  dependencies:
    brace-expansion "^1.1.7"

mz@^2.7.0:
  version "2.7.0"
  resolved "https://registry.yarnpkg.com/mz/-/mz-2.7.0.tgz#95008057a56cafadc2bc63dde7f9ff6955948e32"
  dependencies:
    any-promise "^1.0.0"
    object-assign "^4.0.1"
    thenify-all "^1.0.0"

nanoid@^3.3.4:
  version "3.3.4"
  resolved "https://registry.yarnpkg.com/nanoid/-/nanoid-3.3.4.tgz#730b67e3cd09e2deacf03c027c81c9d9dbc5e8ab"

node-releases@^2.0.8:
  version "2.0.10"
  resolved "https://registry.yarnpkg.com/node-releases/-/node-releases-2.0.10.tgz#c311ebae3b6a148c89b1813fd7c4d3c024ef537f"

normalize-path@^3.0.0, normalize-path@~3.0.0:
  version "3.0.0"
  resolved "https://registry.npmjs.org/normalize-path/-/normalize-path-3.0.0.tgz"

normalize-range@^0.1.2:
  version "0.1.2"
  resolved "https://registry.npmjs.org/normalize-range/-/normalize-range-0.1.2.tgz"

normalize-url@^6.0.1:
  version "6.1.0"
  resolved "https://registry.npmjs.org/normalize-url/-/normalize-url-6.1.0.tgz"

nth-check@^2.0.1:
  version "2.0.1"
  resolved "https://registry.npmjs.org/nth-check/-/nth-check-2.0.1.tgz"
  dependencies:
    boolbase "^1.0.0"

object-assign@^4.0.1:
  version "4.1.1"
  resolved "https://registry.yarnpkg.com/object-assign/-/object-assign-4.1.1.tgz#2109adc7965887cfc05cbbd442cac8bfbb360863"

object-hash@^3.0.0:
  version "3.0.0"
  resolved "https://registry.yarnpkg.com/object-hash/-/object-hash-3.0.0.tgz#73f97f753e7baffc0e2cc9d6e079079744ac82e9"

once@^1.3.0:
  version "1.4.0"
  resolved "https://registry.npmjs.org/once/-/once-1.4.0.tgz"
  dependencies:
    wrappy "1"

path-is-absolute@^1.0.0:
  version "1.0.1"
  resolved "https://registry.npmjs.org/path-is-absolute/-/path-is-absolute-1.0.1.tgz"

path-parse@^1.0.7:
  version "1.0.7"
  resolved "https://registry.npmjs.org/path-parse/-/path-parse-1.0.7.tgz"

path-type@^4.0.0:
  version "4.0.0"
  resolved "https://registry.npmjs.org/path-type/-/path-type-4.0.0.tgz"

picocolors@^1.0.0:
  version "1.0.0"
  resolved "https://registry.npmjs.org/picocolors/-/picocolors-1.0.0.tgz"

picomatch@^2.0.4, picomatch@^2.2.1, picomatch@^2.3.1:
  version "2.3.1"
  resolved "https://registry.npmjs.org/picomatch/-/picomatch-2.3.1.tgz"

pify@^2.3.0:
  version "2.3.0"
  resolved "https://registry.npmjs.org/pify/-/pify-2.3.0.tgz"

pirates@^4.0.1:
  version "4.0.5"
  resolved "https://registry.yarnpkg.com/pirates/-/pirates-4.0.5.tgz#feec352ea5c3268fb23a37c702ab1699f35a5f3b"

postcss-calc@^8.2.3:
  version "8.2.4"
  resolved "https://registry.npmjs.org/postcss-calc/-/postcss-calc-8.2.4.tgz"
  dependencies:
    postcss-selector-parser "^6.0.9"
    postcss-value-parser "^4.2.0"

postcss-cli@^9.0.0:
  version "9.1.0"
  resolved "https://registry.npmjs.org/postcss-cli/-/postcss-cli-9.1.0.tgz"
  dependencies:
    chokidar "^3.3.0"
    dependency-graph "^0.11.0"
    fs-extra "^10.0.0"
    get-stdin "^9.0.0"
    globby "^12.0.0"
    picocolors "^1.0.0"
    postcss-load-config "^3.0.0"
    postcss-reporter "^7.0.0"
    pretty-hrtime "^1.0.3"
    read-cache "^1.0.0"
    slash "^4.0.0"
    yargs "^17.0.0"

postcss-colormin@^5.3.1:
  version "5.3.1"
  resolved "https://registry.yarnpkg.com/postcss-colormin/-/postcss-colormin-5.3.1.tgz#86c27c26ed6ba00d96c79e08f3ffb418d1d1988f"
  dependencies:
    browserslist "^4.21.4"
    caniuse-api "^3.0.0"
    colord "^2.9.1"
    postcss-value-parser "^4.2.0"

postcss-convert-values@^5.1.3:
  version "5.1.3"
  resolved "https://registry.yarnpkg.com/postcss-convert-values/-/postcss-convert-values-5.1.3.tgz#04998bb9ba6b65aa31035d669a6af342c5f9d393"
  dependencies:
    browserslist "^4.21.4"
    postcss-value-parser "^4.2.0"

postcss-discard-comments@^5.1.2:
  version "5.1.2"
  resolved "https://registry.yarnpkg.com/postcss-discard-comments/-/postcss-discard-comments-5.1.2.tgz#8df5e81d2925af2780075840c1526f0660e53696"

postcss-discard-duplicates@^5.1.0:
  version "5.1.0"
  resolved "https://registry.npmjs.org/postcss-discard-duplicates/-/postcss-discard-duplicates-5.1.0.tgz"

postcss-discard-empty@^5.1.1:
  version "5.1.1"
  resolved "https://registry.yarnpkg.com/postcss-discard-empty/-/postcss-discard-empty-5.1.1.tgz#e57762343ff7f503fe53fca553d18d7f0c369c6c"

postcss-discard-overridden@^5.1.0:
  version "5.1.0"
  resolved "https://registry.npmjs.org/postcss-discard-overridden/-/postcss-discard-overridden-5.1.0.tgz"

postcss-import@^14.1.0:
  version "14.1.0"
  resolved "https://registry.yarnpkg.com/postcss-import/-/postcss-import-14.1.0.tgz#a7333ffe32f0b8795303ee9e40215dac922781f0"
  dependencies:
    postcss-value-parser "^4.0.0"
    read-cache "^1.0.0"
    resolve "^1.1.7"

postcss-js@^4.0.0:
  version "4.0.1"
  resolved "https://registry.yarnpkg.com/postcss-js/-/postcss-js-4.0.1.tgz#61598186f3703bab052f1c4f7d805f3991bee9d2"
  dependencies:
    camelcase-css "^2.0.1"

postcss-load-config@^3.0.0, postcss-load-config@^3.1.4:
  version "3.1.4"
  resolved "https://registry.yarnpkg.com/postcss-load-config/-/postcss-load-config-3.1.4.tgz#1ab2571faf84bb078877e1d07905eabe9ebda855"
  dependencies:
    lilconfig "^2.0.5"
    yaml "^1.10.2"

postcss-merge-longhand@^5.1.7:
  version "5.1.7"
  resolved "https://registry.yarnpkg.com/postcss-merge-longhand/-/postcss-merge-longhand-5.1.7.tgz#24a1bdf402d9ef0e70f568f39bdc0344d568fb16"
  dependencies:
    postcss-value-parser "^4.2.0"
    stylehacks "^5.1.1"

postcss-merge-rules@^5.1.4:
  version "5.1.4"
  resolved "https://registry.yarnpkg.com/postcss-merge-rules/-/postcss-merge-rules-5.1.4.tgz#2f26fa5cacb75b1402e213789f6766ae5e40313c"
  dependencies:
    browserslist "^4.21.4"
    caniuse-api "^3.0.0"
    cssnano-utils "^3.1.0"
    postcss-selector-parser "^6.0.5"

postcss-minify-font-values@^5.1.0:
  version "5.1.0"
  resolved "https://registry.npmjs.org/postcss-minify-font-values/-/postcss-minify-font-values-5.1.0.tgz"
  dependencies:
    postcss-value-parser "^4.2.0"

postcss-minify-gradients@^5.1.1:
  version "5.1.1"
  resolved "https://registry.yarnpkg.com/postcss-minify-gradients/-/postcss-minify-gradients-5.1.1.tgz#f1fe1b4f498134a5068240c2f25d46fcd236ba2c"
  dependencies:
    colord "^2.9.1"
    cssnano-utils "^3.1.0"
    postcss-value-parser "^4.2.0"

postcss-minify-params@^5.1.4:
  version "5.1.4"
  resolved "https://registry.yarnpkg.com/postcss-minify-params/-/postcss-minify-params-5.1.4.tgz#c06a6c787128b3208b38c9364cfc40c8aa5d7352"
  dependencies:
    browserslist "^4.21.4"
    cssnano-utils "^3.1.0"
    postcss-value-parser "^4.2.0"

postcss-minify-selectors@^5.2.1:
  version "5.2.1"
  resolved "https://registry.yarnpkg.com/postcss-minify-selectors/-/postcss-minify-selectors-5.2.1.tgz#d4e7e6b46147b8117ea9325a915a801d5fe656c6"
  dependencies:
    postcss-selector-parser "^6.0.5"

postcss-nested@6.0.0:
  version "6.0.0"
  resolved "https://registry.yarnpkg.com/postcss-nested/-/postcss-nested-6.0.0.tgz#1572f1984736578f360cffc7eb7dca69e30d1735"
  dependencies:
    postcss-selector-parser "^6.0.10"

postcss-normalize-charset@^5.1.0:
  version "5.1.0"
  resolved "https://registry.npmjs.org/postcss-normalize-charset/-/postcss-normalize-charset-5.1.0.tgz"

postcss-normalize-display-values@^5.1.0:
  version "5.1.0"
  resolved "https://registry.npmjs.org/postcss-normalize-display-values/-/postcss-normalize-display-values-5.1.0.tgz"
  dependencies:
    postcss-value-parser "^4.2.0"

postcss-normalize-positions@^5.1.1:
  version "5.1.1"
  resolved "https://registry.yarnpkg.com/postcss-normalize-positions/-/postcss-normalize-positions-5.1.1.tgz#ef97279d894087b59325b45c47f1e863daefbb92"
  dependencies:
    postcss-value-parser "^4.2.0"

postcss-normalize-repeat-style@^5.1.1:
  version "5.1.1"
  resolved "https://registry.yarnpkg.com/postcss-normalize-repeat-style/-/postcss-normalize-repeat-style-5.1.1.tgz#e9eb96805204f4766df66fd09ed2e13545420fb2"
  dependencies:
    postcss-value-parser "^4.2.0"

postcss-normalize-string@^5.1.0:
  version "5.1.0"
  resolved "https://registry.npmjs.org/postcss-normalize-string/-/postcss-normalize-string-5.1.0.tgz"
  dependencies:
    postcss-value-parser "^4.2.0"

postcss-normalize-timing-functions@^5.1.0:
  version "5.1.0"
  resolved "https://registry.npmjs.org/postcss-normalize-timing-functions/-/postcss-normalize-timing-functions-5.1.0.tgz"
  dependencies:
    postcss-value-parser "^4.2.0"

postcss-normalize-unicode@^5.1.1:
  version "5.1.1"
  resolved "https://registry.yarnpkg.com/postcss-normalize-unicode/-/postcss-normalize-unicode-5.1.1.tgz#f67297fca3fea7f17e0d2caa40769afc487aa030"
  dependencies:
    browserslist "^4.21.4"
    postcss-value-parser "^4.2.0"

postcss-normalize-url@^5.1.0:
  version "5.1.0"
  resolved "https://registry.npmjs.org/postcss-normalize-url/-/postcss-normalize-url-5.1.0.tgz"
  dependencies:
    normalize-url "^6.0.1"
    postcss-value-parser "^4.2.0"

postcss-normalize-whitespace@^5.1.1:
  version "5.1.1"
  resolved "https://registry.yarnpkg.com/postcss-normalize-whitespace/-/postcss-normalize-whitespace-5.1.1.tgz#08a1a0d1ffa17a7cc6efe1e6c9da969cc4493cfa"
  dependencies:
    postcss-value-parser "^4.2.0"

postcss-ordered-values@^5.1.3:
  version "5.1.3"
  resolved "https://registry.yarnpkg.com/postcss-ordered-values/-/postcss-ordered-values-5.1.3.tgz#b6fd2bd10f937b23d86bc829c69e7732ce76ea38"
  dependencies:
    cssnano-utils "^3.1.0"
    postcss-value-parser "^4.2.0"

postcss-reduce-initial@^5.1.2:
  version "5.1.2"
  resolved "https://registry.yarnpkg.com/postcss-reduce-initial/-/postcss-reduce-initial-5.1.2.tgz#798cd77b3e033eae7105c18c9d371d989e1382d6"
  dependencies:
    browserslist "^4.21.4"
    caniuse-api "^3.0.0"

postcss-reduce-transforms@^5.1.0:
  version "5.1.0"
  resolved "https://registry.npmjs.org/postcss-reduce-transforms/-/postcss-reduce-transforms-5.1.0.tgz"
  dependencies:
    postcss-value-parser "^4.2.0"

postcss-reporter@^7.0.0:
  version "7.0.5"
  resolved "https://registry.npmjs.org/postcss-reporter/-/postcss-reporter-7.0.5.tgz"
  dependencies:
    picocolors "^1.0.0"
    thenby "^1.3.4"

postcss-selector-parser@^6.0.10, postcss-selector-parser@^6.0.11, postcss-selector-parser@^6.0.4, postcss-selector-parser@^6.0.5, postcss-selector-parser@^6.0.9:
  version "6.0.11"
  resolved "https://registry.yarnpkg.com/postcss-selector-parser/-/postcss-selector-parser-6.0.11.tgz#2e41dc39b7ad74046e1615185185cd0b17d0c8dc"
  dependencies:
    cssesc "^3.0.0"
    util-deprecate "^1.0.2"

postcss-svgo@^5.1.0:
  version "5.1.0"
  resolved "https://registry.npmjs.org/postcss-svgo/-/postcss-svgo-5.1.0.tgz"
  dependencies:
    postcss-value-parser "^4.2.0"
    svgo "^2.7.0"

postcss-unique-selectors@^5.1.1:
  version "5.1.1"
  resolved "https://registry.yarnpkg.com/postcss-unique-selectors/-/postcss-unique-selectors-5.1.1.tgz#a9f273d1eacd09e9aa6088f4b0507b18b1b541b6"
  dependencies:
    postcss-selector-parser "^6.0.5"

postcss-value-parser@^4.0.0, postcss-value-parser@^4.2.0:
  version "4.2.0"
  resolved "https://registry.npmjs.org/postcss-value-parser/-/postcss-value-parser-4.2.0.tgz"

postcss@^8.0.9, postcss@^8.2.1:
  version "8.4.21"
  resolved "https://registry.yarnpkg.com/postcss/-/postcss-8.4.21.tgz#c639b719a57efc3187b13a1d765675485f4134f4"
  dependencies:
    nanoid "^3.3.4"
    picocolors "^1.0.0"
    source-map-js "^1.0.2"

pretty-hrtime@^1.0.3:
  version "1.0.3"
  resolved "https://registry.npmjs.org/pretty-hrtime/-/pretty-hrtime-1.0.3.tgz"

queue-microtask@^1.2.2:
  version "1.2.3"
  resolved "https://registry.npmjs.org/queue-microtask/-/queue-microtask-1.2.3.tgz"

quick-lru@^5.1.1:
  version "5.1.1"
  resolved "https://registry.npmjs.org/quick-lru/-/quick-lru-5.1.1.tgz"

read-cache@^1.0.0:
  version "1.0.0"
  resolved "https://registry.npmjs.org/read-cache/-/read-cache-1.0.0.tgz"
  dependencies:
    pify "^2.3.0"

readdirp@~3.6.0:
  version "3.6.0"
  resolved "https://registry.npmjs.org/readdirp/-/readdirp-3.6.0.tgz"
  dependencies:
    picomatch "^2.2.1"

require-directory@^2.1.1:
  version "2.1.1"
  resolved "https://registry.npmjs.org/require-directory/-/require-directory-2.1.1.tgz"

resolve@^1.1.7, resolve@^1.22.1:
  version "1.22.1"
  resolved "https://registry.yarnpkg.com/resolve/-/resolve-1.22.1.tgz#27cb2ebb53f91abb49470a928bba7558066ac177"
  dependencies:
    is-core-module "^2.9.0"
    path-parse "^1.0.7"
    supports-preserve-symlinks-flag "^1.0.0"

reusify@^1.0.4:
  version "1.0.4"
  resolved "https://registry.npmjs.org/reusify/-/reusify-1.0.4.tgz"

run-parallel@^1.1.9:
  version "1.2.0"
  resolved "https://registry.npmjs.org/run-parallel/-/run-parallel-1.2.0.tgz"
  dependencies:
    queue-microtask "^1.2.2"

slash@^4.0.0:
  version "4.0.0"
  resolved "https://registry.npmjs.org/slash/-/slash-4.0.0.tgz"

source-map-js@^1.0.2:
  version "1.0.2"
  resolved "https://registry.npmjs.org/source-map-js/-/source-map-js-1.0.2.tgz"

source-map@^0.6.1:
  version "0.6.1"
  resolved "https://registry.npmjs.org/source-map/-/source-map-0.6.1.tgz"

stable@^0.1.8:
  version "0.1.8"
  resolved "https://registry.npmjs.org/stable/-/stable-0.1.8.tgz"

string-width@^4.1.0, string-width@^4.2.0, string-width@^4.2.3:
  version "4.2.3"
  resolved "https://registry.npmjs.org/string-width/-/string-width-4.2.3.tgz"
  dependencies:
    emoji-regex "^8.0.0"
    is-fullwidth-code-point "^3.0.0"
    strip-ansi "^6.0.1"

strip-ansi@^6.0.0, strip-ansi@^6.0.1:
  version "6.0.1"
  resolved "https://registry.npmjs.org/strip-ansi/-/strip-ansi-6.0.1.tgz"
  dependencies:
    ansi-regex "^5.0.1"

stylehacks@^5.1.1:
  version "5.1.1"
  resolved "https://registry.yarnpkg.com/stylehacks/-/stylehacks-5.1.1.tgz#7934a34eb59d7152149fa69d6e9e56f2fc34bcc9"
  dependencies:
    browserslist "^4.21.4"
    postcss-selector-parser "^6.0.4"

sucrase@^3.29.0:
  version "3.31.0"
  resolved "https://registry.yarnpkg.com/sucrase/-/sucrase-3.31.0.tgz#daae4fd458167c5d4ba1cce6aef57b988b417b33"
  dependencies:
    commander "^4.0.0"
    glob "7.1.6"
    lines-and-columns "^1.1.6"
    mz "^2.7.0"
    pirates "^4.0.1"
    ts-interface-checker "^0.1.9"

supports-preserve-symlinks-flag@^1.0.0:
  version "1.0.0"
  resolved "https://registry.npmjs.org/supports-preserve-symlinks-flag/-/supports-preserve-symlinks-flag-1.0.0.tgz"

svgo@^2.7.0:
  version "2.8.0"
  resolved "https://registry.npmjs.org/svgo/-/svgo-2.8.0.tgz"
  dependencies:
    "@trysound/sax" "0.2.0"
    commander "^7.2.0"
    css-select "^4.1.3"
    css-tree "^1.1.3"
    csso "^4.2.0"
    picocolors "^1.0.0"
    stable "^0.1.8"

tailwindcss@^3.3.0:
  version "3.3.0"
  resolved "https://registry.yarnpkg.com/tailwindcss/-/tailwindcss-3.3.0.tgz#8cab40e5a10a10648118c0859ba8bfbc744a761e"
  dependencies:
    arg "^5.0.2"
    chokidar "^3.5.3"
    color-name "^1.1.4"
    didyoumean "^1.2.2"
    dlv "^1.1.3"
    fast-glob "^3.2.12"
    glob-parent "^6.0.2"
    is-glob "^4.0.3"
    jiti "^1.17.2"
    lilconfig "^2.0.6"
    micromatch "^4.0.5"
    normalize-path "^3.0.0"
    object-hash "^3.0.0"
    picocolors "^1.0.0"
    postcss "^8.0.9"
    postcss-import "^14.1.0"
    postcss-js "^4.0.0"
    postcss-load-config "^3.1.4"
    postcss-nested "6.0.0"
    postcss-selector-parser "^6.0.11"
    postcss-value-parser "^4.2.0"
    quick-lru "^5.1.1"
    resolve "^1.22.1"
    sucrase "^3.29.0"

thenby@^1.3.4:
  version "1.3.4"
  resolved "https://registry.npmjs.org/thenby/-/thenby-1.3.4.tgz"

thenify-all@^1.0.0:
  version "1.6.0"
  resolved "https://registry.yarnpkg.com/thenify-all/-/thenify-all-1.6.0.tgz#1a1918d402d8fc3f98fbf234db0bcc8cc10e9726"
  dependencies:
    thenify ">= 3.1.0 < 4"

"thenify@>= 3.1.0 < 4":
  version "3.3.1"
  resolved "https://registry.yarnpkg.com/thenify/-/thenify-3.3.1.tgz#8932e686a4066038a016dd9e2ca46add9838a95f"
  dependencies:
    any-promise "^1.0.0"

to-regex-range@^5.0.1:
  version "5.0.1"
  resolved "https://registry.npmjs.org/to-regex-range/-/to-regex-range-5.0.1.tgz"
  dependencies:
    is-number "^7.0.0"

ts-interface-checker@^0.1.9:
  version "0.1.13"
  resolved "https://registry.yarnpkg.com/ts-interface-checker/-/ts-interface-checker-0.1.13.tgz#784fd3d679722bc103b1b4b8030bcddb5db2a699"

universalify@^2.0.0:
  version "2.0.0"
  resolved "https://registry.npmjs.org/universalify/-/universalify-2.0.0.tgz"

update-browserslist-db@^1.0.10:
  version "1.0.10"
  resolved "https://registry.yarnpkg.com/update-browserslist-db/-/update-browserslist-db-1.0.10.tgz#0f54b876545726f17d00cd9a2561e6dade943ff3"
  dependencies:
    escalade "^3.1.1"
    picocolors "^1.0.0"

util-deprecate@^1.0.2:
  version "1.0.2"
  resolved "https://registry.npmjs.org/util-deprecate/-/util-deprecate-1.0.2.tgz"

wrap-ansi@^7.0.0:
  version "7.0.0"
  resolved "https://registry.npmjs.org/wrap-ansi/-/wrap-ansi-7.0.0.tgz"
  dependencies:
    ansi-styles "^4.0.0"
    string-width "^4.1.0"
    strip-ansi "^6.0.0"

wrappy@1:
  version "1.0.2"
  resolved "https://registry.npmjs.org/wrappy/-/wrappy-1.0.2.tgz"

y18n@^5.0.5:
  version "5.0.8"
  resolved "https://registry.npmjs.org/y18n/-/y18n-5.0.8.tgz"

yaml@^1.10.2:
  version "1.10.2"
  resolved "https://registry.npmjs.org/yaml/-/yaml-1.10.2.tgz"

yargs-parser@^21.0.0:
  version "21.0.1"
  resolved "https://registry.npmjs.org/yargs-parser/-/yargs-parser-21.0.1.tgz"

yargs@^17.0.0:
  version "17.3.1"
  resolved "https://registry.npmjs.org/yargs/-/yargs-17.3.1.tgz"
  dependencies:
    cliui "^7.0.2"
    escalade "^3.1.1"
    get-caller-file "^2.0.5"
    require-directory "^2.1.1"
    string-width "^4.2.3"
    y18n "^5.0.5"
    yargs-parser "^21.0.0"
